
Microsoft Visual Studio Solution File, Format Version 12.00
# Visual Studio Version 17
VisualStudioVersion = 17.14.36202.13
MinimumVisualStudioVersion = 10.0.40219.1
Project("{FAE04EC0-301F-11D3-BF4B-00C04F79EFBC}") = "Redarbor.Core", "src\Redarbor.Core\Redarbor.Core.csproj", "{985AA37B-A782-82DF-F76A-915BF37D6782}"
EndProject
Project("{FAE04EC0-301F-11D3-BF4B-00C04F79EFBC}") = "Redarbor.Application", "src\Redarbor.Application\Redarbor.Application.csproj", "{24099132-F14B-C759-3E31-C1FBD53F28F6}"
EndProject
Project("{FAE04EC0-301F-11D3-BF4B-00C04F79EFBC}") = "Redarbor.Infrastructure", "src\Redarbor.Infrastructure\Redarbor.Infrastructure.csproj", "{774BC8E4-BA43-7E82-F0A1-4887CAE900F5}"
EndProject
Project("{FAE04EC0-301F-11D3-BF4B-00C04F79EFBC}") = "Redarbor.Api", "src\Redarbor.Api\Redarbor.Api.csproj", "{4F003342-A82E-F405-05F7-6FC9D325BD1B}"
EndProject
Global
	GlobalSection(SolutionConfigurationPlatforms) = preSolution
		Debug|Any CPU = Debug|Any CPU
		Release|Any CPU = Release|Any CPU
	EndGlobalSection
	GlobalSection(ProjectConfigurationPlatforms) = postSolution
		{985AA37B-A782-82DF-F76A-915BF37D6782}.Debug|Any CPU.ActiveCfg = Debug|Any CPU
		{985AA37B-A782-82DF-F76A-915BF37D6782}.Debug|Any CPU.Build.0 = Debug|Any CPU
		{985AA37B-A782-82DF-F76A-915BF37D6782}.Release|Any CPU.ActiveCfg = Release|Any CPU
		{985AA37B-A782-82DF-F76A-915BF37D6782}.Release|Any CPU.Build.0 = Release|Any CPU
		{24099132-F14B-C759-3E31-C1FBD53F28F6}.Debug|Any CPU.ActiveCfg = Debug|Any CPU
		{24099132-F14B-C759-3E31-C1FBD53F28F6}.Debug|Any CPU.Build.0 = Debug|Any CPU
		{24099132-F14B-C759-3E31-C1FBD53F28F6}.Release|Any CPU.ActiveCfg = Release|Any CPU
		{24099132-F14B-C759-3E31-C1FBD53F28F6}.Release|Any CPU.Build.0 = Release|Any CPU
		{774BC8E4-BA43-7E82-F0A1-4887CAE900F5}.Debug|Any CPU.ActiveCfg = Debug|Any CPU
		{774BC8E4-BA43-7E82-F0A1-4887CAE900F5}.Debug|Any CPU.Build.0 = Debug|Any CPU
		{774BC8E4-BA43-7E82-F0A1-4887CAE900F5}.Release|Any CPU.ActiveCfg = Release|Any CPU
		{774BC8E4-BA43-7E82-F0A1-4887CAE900F5}.Release|Any CPU.Build.0 = Release|Any CPU
		{4F003342-A82E-F405-05F7-6FC9D325BD1B}.Debug|Any CPU.ActiveCfg = Debug|Any CPU
		{4F003342-A82E-F405-05F7-6FC9D325BD1B}.Debug|Any CPU.Build.0 = Debug|Any CPU
		{4F003342-A82E-F405-05F7-6FC9D325BD1B}.Release|Any CPU.ActiveCfg = Release|Any CPU
		{4F003342-A82E-F405-05F7-6FC9D325BD1B}.Release|Any CPU.Build.0 = Release|Any CPU
	EndGlobalSection
	GlobalSection(SolutionProperties) = preSolution
		HideSolutionNode = FALSE
	EndGlobalSection
	GlobalSection(ExtensibilityGlobals) = postSolution
		SolutionGuid = {97749D19-20A5-4F0F-929C-2921A62AF54A}
	EndGlobalSection
EndGlobal
